// !$*UTF8*$!
{
	archiveVersion = 1;
	classes = {
	};
	objectVersion = 56;
	objects = {

/* Begin PBXBuildFile section */
		7B0632112A81E87000B00B85 /* NBKR.swift in Sources */ = {isa = PBXBuildFile; fileRef = 7B0632102A81E87000B00B85 /* NBKR.swift */; };
		7B25660D2A6FB3FA00021D66 /* BankView.swift in Sources */ = {isa = PBXBuildFile; fileRef = 7B25660C2A6FB3F900021D66 /* BankView.swift */; };
		7B50FD692A83D90D006B521F /* response.json in Resources */ = {isa = PBXBuildFile; fileRef = 7B50FD682A83D90D006B521F /* response.json */; };
		7B751BE32A6E5F0A0013F641 /* ApiModel.swift in Sources */ = {isa = PBXBuildFile; fileRef = 7B751BE22A6E5F090013F641 /* ApiModel.swift */; };
		7B751BE52A6E639F0013F641 /* AverageView.swift in Sources */ = {isa = PBXBuildFile; fileRef = 7B751BE42A6E639F0013F641 /* AverageView.swift */; };
		7BC983B72A67AD1600643928 /* ExchangeApp.swift in Sources */ = {isa = PBXBuildFile; fileRef = 7BC983B62A67AD1600643928 /* ExchangeApp.swift */; };
		7BC983B92A67AD1600643928 /* ContentView.swift in Sources */ = {isa = PBXBuildFile; fileRef = 7BC983B82A67AD1600643928 /* ContentView.swift */; };
		7BC983BB2A67AD1D00643928 /* Assets.xcassets in Resources */ = {isa = PBXBuildFile; fileRef = 7BC983BA2A67AD1D00643928 /* Assets.xcassets */; };
		7BC983BE2A67AD1D00643928 /* Preview Assets.xcassets in Resources */ = {isa = PBXBuildFile; fileRef = 7BC983BD2A67AD1D00643928 /* Preview Assets.xcassets */; };
		7BDCEC4D2A7ABA9C00F38EB9 /* Bank.swift in Sources */ = {isa = PBXBuildFile; fileRef = 7BDCEC4C2A7ABA9C00F38EB9 /* Bank.swift */; };
		7BDCEC522A7CEC8200F38EB9 /* BankListView.swift in Sources */ = {isa = PBXBuildFile; fileRef = 7BDCEC512A7CEC8200F38EB9 /* BankListView.swift */; };
/* End PBXBuildFile section */

/* Begin PBXFileReference section */
		7B0632102A81E87000B00B85 /* NBKR.swift */ = {isa = PBXFileReference; lastKnownFileType = sourcecode.swift; path = NBKR.swift; sourceTree = "<group>"; };
		7B25660C2A6FB3F900021D66 /* BankView.swift */ = {isa = PBXFileReference; lastKnownFileType = sourcecode.swift; path = BankView.swift; sourceTree = "<group>"; };
		7B50FD682A83D90D006B521F /* response.json */ = {isa = PBXFileReference; fileEncoding = 4; lastKnownFileType = text.json; path = response.json; sourceTree = "<group>"; };
		7B751BE22A6E5F090013F641 /* ApiModel.swift */ = {isa = PBXFileReference; lastKnownFileType = sourcecode.swift; path = ApiModel.swift; sourceTree = "<group>"; };
		7B751BE42A6E639F0013F641 /* AverageView.swift */ = {isa = PBXFileReference; lastKnownFileType = sourcecode.swift; path = AverageView.swift; sourceTree = "<group>"; };
		7BC983B32A67AD1600643928 /* Exchange.app */ = {isa = PBXFileReference; explicitFileType = wrapper.application; includeInIndex = 0; path = Exchange.app; sourceTree = BUILT_PRODUCTS_DIR; };
		7BC983B62A67AD1600643928 /* ExchangeApp.swift */ = {isa = PBXFileReference; lastKnownFileType = sourcecode.swift; path = ExchangeApp.swift; sourceTree = "<group>"; };
		7BC983B82A67AD1600643928 /* ContentView.swift */ = {isa = PBXFileReference; lastKnownFileType = sourcecode.swift; path = ContentView.swift; sourceTree = "<group>"; };
		7BC983BA2A67AD1D00643928 /* Assets.xcassets */ = {isa = PBXFileReference; lastKnownFileType = folder.assetcatalog; path = Assets.xcassets; sourceTree = "<group>"; };
		7BC983BD2A67AD1D00643928 /* Preview Assets.xcassets */ = {isa = PBXFileReference; lastKnownFileType = folder.assetcatalog; path = "Preview Assets.xcassets"; sourceTree = "<group>"; };
		7BDCEC4C2A7ABA9C00F38EB9 /* Bank.swift */ = {isa = PBXFileReference; lastKnownFileType = sourcecode.swift; path = Bank.swift; sourceTree = "<group>"; };
		7BDCEC512A7CEC8200F38EB9 /* BankListView.swift */ = {isa = PBXFileReference; lastKnownFileType = sourcecode.swift; path = BankListView.swift; sourceTree = "<group>"; };
/* End PBXFileReference section */

/* Begin PBXFrameworksBuildPhase section */
		7BC983B02A67AD1600643928 /* Frameworks */ = {
			isa = PBXFrameworksBuildPhase;
			buildActionMask = 2147483647;
			files = (
			);
			runOnlyForDeploymentPostprocessing = 0;
		};
/* End PBXFrameworksBuildPhase section */

/* Begin PBXGroup section */
		7BC983AA2A67AD1600643928 = {
			isa = PBXGroup;
			children = (
				7B50FD682A83D90D006B521F /* response.json */,
				7BC983B52A67AD1600643928 /* Exchange */,
				7BC983B42A67AD1600643928 /* Products */,
			);
			sourceTree = "<group>";
		};
		7BC983B42A67AD1600643928 /* Products */ = {
			isa = PBXGroup;
			children = (
				7BC983B32A67AD1600643928 /* Exchange.app */,
			);
			name = Products;
			sourceTree = "<group>";
		};
		7BC983B52A67AD1600643928 /* Exchange */ = {
			isa = PBXGroup;
			children = (
				7BE0BFF22A69978F00D21972 /* Model */,
				7BE0BFF12A69978000D21972 /* View */,
				7BE0BFF02A69976800D21972 /* API Functions */,
				7BC983B82A67AD1600643928 /* ContentView.swift */,
				7BC983BA2A67AD1D00643928 /* Assets.xcassets */,
				7BC983BC2A67AD1D00643928 /* Preview Content */,
			);
			path = Exchange;
			sourceTree = "<group>";
		};
		7BC983BC2A67AD1D00643928 /* Preview Content */ = {
			isa = PBXGroup;
			children = (
				7BC983BD2A67AD1D00643928 /* Preview Assets.xcassets */,
			);
			path = "Preview Content";
			sourceTree = "<group>";
		};
		7BDCEC4B2A7ABA7C00F38EB9 /* Bank Model */ = {
			isa = PBXGroup;
			children = (
				7BDCEC4C2A7ABA9C00F38EB9 /* Bank.swift */,
				7B0632102A81E87000B00B85 /* NBKR.swift */,
			);
			path = "Bank Model";
			sourceTree = "<group>";
		};
		7BDCEC502A7CEC5900F38EB9 /* BankView */ = {
			isa = PBXGroup;
			children = (
				7B25660C2A6FB3F900021D66 /* BankView.swift */,
				7BDCEC512A7CEC8200F38EB9 /* BankListView.swift */,
			);
			path = BankView;
			sourceTree = "<group>";
		};
		7BE0BFF02A69976800D21972 /* API Functions */ = {
			isa = PBXGroup;
			children = (
				7BC983B62A67AD1600643928 /* ExchangeApp.swift */,
			);
			path = "API Functions";
			sourceTree = "<group>";
		};
		7BE0BFF12A69978000D21972 /* View */ = {
			isa = PBXGroup;
			children = (
				7B751BE42A6E639F0013F641 /* AverageView.swift */,
				7BDCEC502A7CEC5900F38EB9 /* BankView */,
			);
			path = View;
			sourceTree = "<group>";
		};
		7BE0BFF22A69978F00D21972 /* Model */ = {
			isa = PBXGroup;
			children = (
				7BDCEC4B2A7ABA7C00F38EB9 /* Bank Model */,
				7B751BE22A6E5F090013F641 /* ApiModel.swift */,
			);
			path = Model;
			sourceTree = "<group>";
		};
/* End PBXGroup section */

/* Begin PBXNativeTarget section */
		7BC983B22A67AD1600643928 /* Exchange */ = {
			isa = PBXNativeTarget;
			buildConfigurationList = 7BC983C12A67AD1D00643928 /* Build configuration list for PBXNativeTarget "Exchange" */;
			buildPhases = (
				7BC983AF2A67AD1600643928 /* Sources */,
				7BC983B02A67AD1600643928 /* Frameworks */,
				7BC983B12A67AD1600643928 /* Resources */,
			);
			buildRules = (
			);
			dependencies = (
			);
			name = Exchange;
			packageProductDependencies = (
			);
			productName = Exchange;
			productReference = 7BC983B32A67AD1600643928 /* Exchange.app */;
			productType = "com.apple.product-type.application";
		};
/* End PBXNativeTarget section */

/* Begin PBXProject section */
		7BC983AB2A67AD1600643928 /* Project object */ = {
			isa = PBXProject;
			attributes = {
				BuildIndependentTargetsInParallel = 1;
				LastSwiftUpdateCheck = 1430;
				LastUpgradeCheck = 1430;
				TargetAttributes = {
					7BC983B22A67AD1600643928 = {
						CreatedOnToolsVersion = 14.3.1;
					};
				};
			};
			buildConfigurationList = 7BC983AE2A67AD1600643928 /* Build configuration list for PBXProject "Exchange" */;
			compatibilityVersion = "Xcode 14.0";
			developmentRegion = en;
			hasScannedForEncodings = 0;
			knownRegions = (
				en,
				Base,
			);
			mainGroup = 7BC983AA2A67AD1600643928;
			packageReferences = (
			);
			productRefGroup = 7BC983B42A67AD1600643928 /* Products */;
			projectDirPath = "";
			projectRoot = "";
			targets = (
				7BC983B22A67AD1600643928 /* Exchange */,
			);
		};
/* End PBXProject section */

/* Begin PBXResourcesBuildPhase section */
		7BC983B12A67AD1600643928 /* Resources */ = {
			isa = PBXResourcesBuildPhase;
			buildActionMask = 2147483647;
			files = (
				7BC983BE2A67AD1D00643928 /* Preview Assets.xcassets in Resources */,
				7B50FD692A83D90D006B521F /* response.json in Resources */,
				7BC983BB2A67AD1D00643928 /* Assets.xcassets in Resources */,
			);
			runOnlyForDeploymentPostprocessing = 0;
		};
/* End PBXResourcesBuildPhase section */

/* Begin PBXSourcesBuildPhase section */
		7BC983AF2A67AD1600643928 /* Sources */ = {
			isa = PBXSourcesBuildPhase;
			buildActionMask = 2147483647;
			files = (
				7BC983B92A67AD1600643928 /* ContentView.swift in Sources */,
				7B25660D2A6FB3FA00021D66 /* BankView.swift in Sources */,
				7B0632112A81E87000B00B85 /* NBKR.swift in Sources */,
				7B751BE32A6E5F0A0013F641 /* ApiModel.swift in Sources */,
				7BDCEC4D2A7ABA9C00F38EB9 /* Bank.swift in Sources */,
				7B751BE52A6E639F0013F641 /* AverageView.swift in Sources */,
				7BC983B72A67AD1600643928 /* ExchangeApp.swift in Sources */,
				7BDCEC522A7CEC8200F38EB9 /* BankListView.swift in Sources */,
			);
			runOnlyForDeploymentPostprocessing = 0;
		};
/* End PBXSourcesBuildPhase section */

/* Begin XCBuildConfiguration section */
		7BC983BF2A67AD1D00643928 /* Debug */ = {
			isa = XCBuildConfiguration;
			buildSettings = {
				ALWAYS_SEARCH_USER_PATHS = NO;
				CLANG_ANALYZER_NONNULL = YES;
				CLANG_ANALYZER_NUMBER_OBJECT_CONVERSION = YES_AGGRESSIVE;
				CLANG_CXX_LANGUAGE_STANDARD = "gnu++20";
				CLANG_ENABLE_MODULES = YES;
				CLANG_ENABLE_OBJC_ARC = YES;
				CLANG_ENABLE_OBJC_WEAK = YES;
				CLANG_WARN_BLOCK_CAPTURE_AUTORELEASING = YES;
				CLANG_WARN_BOOL_CONVERSION = YES;
				CLANG_WARN_COMMA = YES;
				CLANG_WARN_CONSTANT_CONVERSION = YES;
				CLANG_WARN_DEPRECATED_OBJC_IMPLEMENTATIONS = YES;
				CLANG_WARN_DIRECT_OBJC_ISA_USAGE = YES_ERROR;
				CLANG_WARN_DOCUMENTATION_COMMENTS = YES;
				CLANG_WARN_EMPTY_BODY = YES;
				CLANG_WARN_ENUM_CONVERSION = YES;
				CLANG_WARN_INFINITE_RECURSION = YES;
				CLANG_WARN_INT_CONVERSION = YES;
				CLANG_WARN_NON_LITERAL_NULL_CONVERSION = YES;
				CLANG_WARN_OBJC_IMPLICIT_RETAIN_SELF = YES;
				CLANG_WARN_OBJC_LITERAL_CONVERSION = YES;
				CLANG_WARN_OBJC_ROOT_CLASS = YES_ERROR;
				CLANG_WARN_QUOTED_INCLUDE_IN_FRAMEWORK_HEADER = YES;
				CLANG_WARN_RANGE_LOOP_ANALYSIS = YES;
				CLANG_WARN_STRICT_PROTOTYPES = YES;
				CLANG_WARN_SUSPICIOUS_MOVE = YES;
				CLANG_WARN_UNGUARDED_AVAILABILITY = YES_AGGRESSIVE;
				CLANG_WARN_UNREACHABLE_CODE = YES;
				CLANG_WARN__DUPLICATE_METHOD_MATCH = YES;
				COPY_PHASE_STRIP = NO;
				DEBUG_INFORMATION_FORMAT = dwarf;
				ENABLE_STRICT_OBJC_MSGSEND = YES;
				ENABLE_TESTABILITY = YES;
				GCC_C_LANGUAGE_STANDARD = gnu11;
				GCC_DYNAMIC_NO_PIC = NO;
				GCC_NO_COMMON_BLOCKS = YES;
				GCC_OPTIMIZATION_LEVEL = 0;
				GCC_PREPROCESSOR_DEFINITIONS = (
					"DEBUG=1",
					"$(inherited)",
				);
				GCC_WARN_64_TO_32_BIT_CONVERSION = YES;
				GCC_WARN_ABOUT_RETURN_TYPE = YES_ERROR;
				GCC_WARN_UNDECLARED_SELECTOR = YES;
				GCC_WARN_UNINITIALIZED_AUTOS = YES_AGGRESSIVE;
				GCC_WARN_UNUSED_FUNCTION = YES;
				GCC_WARN_UNUSED_VARIABLE = YES;
				IPHONEOS_DEPLOYMENT_TARGET = 16.4;
				MTL_ENABLE_DEBUG_INFO = INCLUDE_SOURCE;
				MTL_FAST_MATH = YES;
				ONLY_ACTIVE_ARCH = YES;
				SDKROOT = iphoneos;
				SWIFT_ACTIVE_COMPILATION_CONDITIONS = DEBUG;
				SWIFT_OPTIMIZATION_LEVEL = "-Onone";
			};
			name = Debug;
		};
		7BC983C02A67AD1D00643928 /* Release */ = {
			isa = XCBuildConfiguration;
			buildSettings = {
				ALWAYS_SEARCH_USER_PATHS = NO;
				CLANG_ANALYZER_NONNULL = YES;
				CLANG_ANALYZER_NUMBER_OBJECT_CONVERSION = YES_AGGRESSIVE;
				CLANG_CXX_LANGUAGE_STANDARD = "gnu++20";
				CLANG_ENABLE_MODULES = YES;
				CLANG_ENABLE_OBJC_ARC = YES;
				CLANG_ENABLE_OBJC_WEAK = YES;
				CLANG_WARN_BLOCK_CAPTURE_AUTORELEASING = YES;
				CLANG_WARN_BOOL_CONVERSION = YES;
				CLANG_WARN_COMMA = YES;
				CLANG_WARN_CONSTANT_CONVERSION = YES;
				CLANG_WARN_DEPRECATED_OBJC_IMPLEMENTATIONS = YES;
				CLANG_WARN_DIRECT_OBJC_ISA_USAGE = YES_ERROR;
				CLANG_WARN_DOCUMENTATION_COMMENTS = YES;
				CLANG_WARN_EMPTY_BODY = YES;
				CLANG_WARN_ENUM_CONVERSION = YES;
				CLANG_WARN_INFINITE_RECURSION = YES;
				CLANG_WARN_INT_CONVERSION = YES;
				CLANG_WARN_NON_LITERAL_NULL_CONVERSION = YES;
				CLANG_WARN_OBJC_IMPLICIT_RETAIN_SELF = YES;
				CLANG_WARN_OBJC_LITERAL_CONVERSION = YES;
				CLANG_WARN_OBJC_ROOT_CLASS = YES_ERROR;
				CLANG_WARN_QUOTED_INCLUDE_IN_FRAMEWORK_HEADER = YES;
				CLANG_WARN_RANGE_LOOP_ANALYSIS = YES;
				CLANG_WARN_STRICT_PROTOTYPES = YES;
				CLANG_WARN_SUSPICIOUS_MOVE = YES;
				CLANG_WARN_UNGUARDED_AVAILABILITY = YES_AGGRESSIVE;
				CLANG_WARN_UNREACHABLE_CODE = YES;
				CLANG_WARN__DUPLICATE_METHOD_MATCH = YES;
				COPY_PHASE_STRIP = NO;
				DEBUG_INFORMATION_FORMAT = "dwarf-with-dsym";
				ENABLE_NS_ASSERTIONS = NO;
				ENABLE_STRICT_OBJC_MSGSEND = YES;
				GCC_C_LANGUAGE_STANDARD = gnu11;
				GCC_NO_COMMON_BLOCKS = YES;
				GCC_WARN_64_TO_32_BIT_CONVERSION = YES;
				GCC_WARN_ABOUT_RETURN_TYPE = YES_ERROR;
				GCC_WARN_UNDECLARED_SELECTOR = YES;
				GCC_WARN_UNINITIALIZED_AUTOS = YES_AGGRESSIVE;
				GCC_WARN_UNUSED_FUNCTION = YES;
				GCC_WARN_UNUSED_VARIABLE = YES;
				IPHONEOS_DEPLOYMENT_TARGET = 16.4;
				MTL_ENABLE_DEBUG_INFO = NO;
				MTL_FAST_MATH = YES;
				SDKROOT = iphoneos;
				SWIFT_COMPILATION_MODE = wholemodule;
				SWIFT_OPTIMIZATION_LEVEL = "-O";
				VALIDATE_PRODUCT = YES;
			};
			name = Release;
		};
		7BC983C22A67AD1D00643928 /* Debug */ = {
			isa = XCBuildConfiguration;
			buildSettings = {
				ASSETCATALOG_COMPILER_APPICON_NAME = AppIcon;
				ASSETCATALOG_COMPILER_GLOBAL_ACCENT_COLOR_NAME = AccentColor;
				CODE_SIGN_STYLE = Automatic;
				CURRENT_PROJECT_VERSION = 1;
				DEVELOPMENT_ASSET_PATHS = "\"Exchange/Preview Content\"";
				DEVELOPMENT_TEAM = 2GDP73B6S9;
				ENABLE_PREVIEWS = YES;
				GENERATE_INFOPLIST_FILE = YES;
				INFOPLIST_KEY_UIApplicationSceneManifest_Generation = YES;
				INFOPLIST_KEY_UIApplicationSupportsIndirectInputEvents = YES;
				INFOPLIST_KEY_UILaunchScreen_Generation = YES;
				INFOPLIST_KEY_UISupportedInterfaceOrientations_iPad = "UIInterfaceOrientationPortrait UIInterfaceOrientationPortraitUpsideDown UIInterfaceOrientationLandscapeLeft UIInterfaceOrientationLandscapeRight";
				INFOPLIST_KEY_UISupportedInterfaceOrientations_iPhone = "UIInterfaceOrientationPortrait UIInterfaceOrientationLandscapeLeft UIInterfaceOrientationLandscapeRight";
				LD_RUNPATH_SEARCH_PATHS = (
					"$(inherited)",
					"@executable_path/Frameworks",
				);
				MARKETING_VERSION = 1.0;
				PRODUCT_BUNDLE_IDENTIFIER = gik92digit.Exchange;
				PRODUCT_NAME = "$(TARGET_NAME)";
				SWIFT_EMIT_LOC_STRINGS = YES;
				SWIFT_VERSION = 5.0;
				TARGETED_DEVICE_FAMILY = "1,2";
			};
			name = Debug;
		};
		7BC983C32A67AD1D00643928 /* Release */ = {
			isa = XCBuildConfiguration;
			buildSettings = {
				ASSETCATALOG_COMPILER_APPICON_NAME = AppIcon;
				ASSETCATALOG_COMPILER_GLOBAL_ACCENT_COLOR_NAME = AccentColor;
				CODE_SIGN_STYLE = Automatic;
				CURRENT_PROJECT_VERSION = 1;
				DEVELOPMENT_ASSET_PATHS = "\"Exchange/Preview Content\"";
				DEVELOPMENT_TEAM = 2GDP73B6S9;
				ENABLE_PREVIEWS = YES;
				GENERATE_INFOPLIST_FILE = YES;
				INFOPLIST_KEY_UIApplicationSceneManifest_Generation = YES;
				INFOPLIST_KEY_UIApplicationSupportsIndirectInputEvents = YES;
				INFOPLIST_KEY_UILaunchScreen_Generation = YES;
				INFOPLIST_KEY_UISupportedInterfaceOrientations_iPad = "UIInterfaceOrientationPortrait UIInterfaceOrientationPortraitUpsideDown UIInterfaceOrientationLandscapeLeft UIInterfaceOrientationLandscapeRight";
				INFOPLIST_KEY_UISupportedInterfaceOrientations_iPhone = "UIInterfaceOrientationPortrait UIInterfaceOrientationLandscapeLeft UIInterfaceOrientationLandscapeRight";
				LD_RUNPATH_SEARCH_PATHS = (
					"$(inherited)",
					"@executable_path/Frameworks",
				);
				MARKETING_VERSION = 1.0;
				PRODUCT_BUNDLE_IDENTIFIER = gik92digit.Exchange;
				PRODUCT_NAME = "$(TARGET_NAME)";
				SWIFT_EMIT_LOC_STRINGS = YES;
				SWIFT_VERSION = 5.0;
				TARGETED_DEVICE_FAMILY = "1,2";
			};
			name = Release;
		};
/* End XCBuildConfiguration section */

/* Begin XCConfigurationList section */
		7BC983AE2A67AD1600643928 /* Build configuration list for PBXProject "Exchange" */ = {
			isa = XCConfigurationList;
			buildConfigurations = (
				7BC983BF2A67AD1D00643928 /* Debug */,
				7BC983C02A67AD1D00643928 /* Release */,
			);
			defaultConfigurationIsVisible = 0;
			defaultConfigurationName = Release;
		};
		7BC983C12A67AD1D00643928 /* Build configuration list for PBXNativeTarget "Exchange" */ = {
			isa = XCConfigurationList;
			buildConfigurations = (
				7BC983C22A67AD1D00643928 /* Debug */,
				7BC983C32A67AD1D00643928 /* Release */,
			);
			defaultConfigurationIsVisible = 0;
			defaultConfigurationName = Release;
		};
/* End XCConfigurationList section */
	};
	rootObject = 7BC983AB2A67AD1600643928 /* Project object */;
}
